
Microsoft Visual Studio Solution File, Format Version 12.00
# Visual Studio Version 17
VisualStudioVersion = 17.13.35818.85 d17.13
MinimumVisualStudioVersion = 10.0.40219.1
Project("{FAE04EC0-301F-11D3-BF4B-00C04F79EFBC}") = "MyTextRPG", "MyTextRPG\MyTextRPG.csproj", "{2B1C6CC6-445F-4A5C-A135-CC39482C11CA}"
EndProject
Global
	GlobalSection(SolutionConfigurationPlatforms) = preSolution
		Debug|Any CPU = Debug|Any CPU
		Release|Any CPU = Release|Any CPU
	EndGlobalSection
	GlobalSection(ProjectConfigurationPlatforms) = postSolution
		{2B1C6CC6-445F-4A5C-A135-CC39482C11CA}.Debug|Any CPU.ActiveCfg = Debug|Any CPU
		{2B1C6CC6-445F-4A5C-A135-CC39482C11CA}.Debug|Any CPU.Build.0 = Debug|Any CPU
		{2B1C6CC6-445F-4A5C-A135-CC39482C11CA}.Release|Any CPU.ActiveCfg = Release|Any CPU
		{2B1C6CC6-445F-4A5C-A135-CC39482C11CA}.Release|Any CPU.Build.0 = Release|Any CPU
	EndGlobalSection
	GlobalSection(SolutionProperties) = preSolution
		HideSolutionNode = FALSE
	EndGlobalSection
	GlobalSection(ExtensibilityGlobals) = postSolution
		SolutionGuid = {449E97E1-F963-4D83-BDBE-5FEB5FF218A3}
	EndGlobalSection
EndGlobal
